
Microsoft Visual Studio Solution File, Format Version 12.00
# Visual Studio 2013
VisualStudioVersion = 12.0.31101.0
MinimumVisualStudioVersion = 10.0.40219.1
Project("{FAE04EC0-301F-11D3-BF4B-00C04F79EFBC}") = "KariyerPortali.Data", "KariyerPortali.Data\KariyerPortali.Data.csproj", "{FCBE0A20-2945-4B1A-AE9B-54B27FE6DFAB}"
EndProject
Project("{FAE04EC0-301F-11D3-BF4B-00C04F79EFBC}") = "KariyerPortali.Model", "KariyerPortali.Model\KariyerPortali.Model.csproj", "{7F49F3AE-CF0A-4B2A-9AB7-0165772D4744}"
EndProject
Project("{FAE04EC0-301F-11D3-BF4B-00C04F79EFBC}") = "KariyerPortali.Service", "KariyerPortali.Service\KariyerPortali.Service.csproj", "{F60DB5AB-AF2D-495E-987D-FDCE6A00CF72}"
EndProject
Project("{FAE04EC0-301F-11D3-BF4B-00C04F79EFBC}") = "KariyerPortali.Web", "KariyerPortali.Web\KariyerPortali.Web.csproj", "{EE1C60FB-A2F7-4651-B32F-F9D47CF9E415}"
EndProject
Project("{FAE04EC0-301F-11D3-BF4B-00C04F79EFBC}") = "KariyerPortali.Admin", "KariyerPortali.Admin\KariyerPortali.Admin.csproj", "{0DFAE050-41B9-436D-B01E-1B8A66E93998}"
EndProject
Global
	GlobalSection(SolutionConfigurationPlatforms) = preSolution
		Debug|Any CPU = Debug|Any CPU
		Release|Any CPU = Release|Any CPU
	EndGlobalSection
	GlobalSection(ProjectConfigurationPlatforms) = postSolution
		{FCBE0A20-2945-4B1A-AE9B-54B27FE6DFAB}.Debug|Any CPU.ActiveCfg = Debug|Any CPU
		{FCBE0A20-2945-4B1A-AE9B-54B27FE6DFAB}.Debug|Any CPU.Build.0 = Debug|Any CPU
		{FCBE0A20-2945-4B1A-AE9B-54B27FE6DFAB}.Release|Any CPU.ActiveCfg = Release|Any CPU
		{FCBE0A20-2945-4B1A-AE9B-54B27FE6DFAB}.Release|Any CPU.Build.0 = Release|Any CPU
		{7F49F3AE-CF0A-4B2A-9AB7-0165772D4744}.Debug|Any CPU.ActiveCfg = Debug|Any CPU
		{7F49F3AE-CF0A-4B2A-9AB7-0165772D4744}.Debug|Any CPU.Build.0 = Debug|Any CPU
		{7F49F3AE-CF0A-4B2A-9AB7-0165772D4744}.Release|Any CPU.ActiveCfg = Release|Any CPU
		{7F49F3AE-CF0A-4B2A-9AB7-0165772D4744}.Release|Any CPU.Build.0 = Release|Any CPU
		{F60DB5AB-AF2D-495E-987D-FDCE6A00CF72}.Debug|Any CPU.ActiveCfg = Debug|Any CPU
		{F60DB5AB-AF2D-495E-987D-FDCE6A00CF72}.Debug|Any CPU.Build.0 = Debug|Any CPU
		{F60DB5AB-AF2D-495E-987D-FDCE6A00CF72}.Release|Any CPU.ActiveCfg = Release|Any CPU
		{F60DB5AB-AF2D-495E-987D-FDCE6A00CF72}.Release|Any CPU.Build.0 = Release|Any CPU
		{EE1C60FB-A2F7-4651-B32F-F9D47CF9E415}.Debug|Any CPU.ActiveCfg = Debug|Any CPU
		{EE1C60FB-A2F7-4651-B32F-F9D47CF9E415}.Debug|Any CPU.Build.0 = Debug|Any CPU
		{EE1C60FB-A2F7-4651-B32F-F9D47CF9E415}.Release|Any CPU.ActiveCfg = Release|Any CPU
		{EE1C60FB-A2F7-4651-B32F-F9D47CF9E415}.Release|Any CPU.Build.0 = Release|Any CPU
		{0DFAE050-41B9-436D-B01E-1B8A66E93998}.Debug|Any CPU.ActiveCfg = Debug|Any CPU
		{0DFAE050-41B9-436D-B01E-1B8A66E93998}.Debug|Any CPU.Build.0 = Debug|Any CPU
		{0DFAE050-41B9-436D-B01E-1B8A66E93998}.Release|Any CPU.ActiveCfg = Release|Any CPU
		{0DFAE050-41B9-436D-B01E-1B8A66E93998}.Release|Any CPU.Build.0 = Release|Any CPU
	EndGlobalSection
	GlobalSection(SolutionProperties) = preSolution
		HideSolutionNode = FALSE
	EndGlobalSection
EndGlobal
